
Microsoft Visual Studio Solution File, Format Version 12.00
# Visual Studio 14
VisualStudioVersion = 14.0.25420.1
MinimumVisualStudioVersion = 10.0.40219.1
Project("{8BC9CEB8-8B4A-11D0-8D11-00A0C91BC942}") = "MPI_MonteCarlo", "MPI_MonteCarlo.vcxproj", "{E2F54CCB-F4B9-41C3-BF8B-652D83A394D1}"
EndProject
Project("{8BC9CEB8-8B4A-11D0-8D11-00A0C91BC942}") = "LinearMonteCarlo", "..\LinearMonteCarlo\LinearMonteCarlo.vcxproj", "{B286DB94-74FB-40CB-B8AA-8A27EA707C22}"
EndProject
Project("{8BC9CEB8-8B4A-11D0-8D11-00A0C91BC942}") = "ComparingOfTwoSolutions", "..\ComparingOfTwoSolutions\ComparingOfTwoSolutions.vcxproj", "{232569DA-39E3-4637-AA30-7CFB1A70C320}"
EndProject
Global
	GlobalSection(SolutionConfigurationPlatforms) = preSolution
		Debug|x64 = Debug|x64
		Debug|x86 = Debug|x86
		Release|x64 = Release|x64
		Release|x86 = Release|x86
	EndGlobalSection
	GlobalSection(ProjectConfigurationPlatforms) = postSolution
		{E2F54CCB-F4B9-41C3-BF8B-652D83A394D1}.Debug|x64.ActiveCfg = Debug|x64
		{E2F54CCB-F4B9-41C3-BF8B-652D83A394D1}.Debug|x64.Build.0 = Debug|x64
		{E2F54CCB-F4B9-41C3-BF8B-652D83A394D1}.Debug|x86.ActiveCfg = Debug|Win32
		{E2F54CCB-F4B9-41C3-BF8B-652D83A394D1}.Debug|x86.Build.0 = Debug|Win32
		{E2F54CCB-F4B9-41C3-BF8B-652D83A394D1}.Release|x64.ActiveCfg = Release|x64
		{E2F54CCB-F4B9-41C3-BF8B-652D83A394D1}.Release|x64.Build.0 = Release|x64
		{E2F54CCB-F4B9-41C3-BF8B-652D83A394D1}.Release|x86.ActiveCfg = Release|Win32
		{E2F54CCB-F4B9-41C3-BF8B-652D83A394D1}.Release|x86.Build.0 = Release|Win32
		{B286DB94-74FB-40CB-B8AA-8A27EA707C22}.Debug|x64.ActiveCfg = Debug|x64
		{B286DB94-74FB-40CB-B8AA-8A27EA707C22}.Debug|x64.Build.0 = Debug|x64
		{B286DB94-74FB-40CB-B8AA-8A27EA707C22}.Debug|x86.ActiveCfg = Debug|Win32
		{B286DB94-74FB-40CB-B8AA-8A27EA707C22}.Debug|x86.Build.0 = Debug|Win32
		{B286DB94-74FB-40CB-B8AA-8A27EA707C22}.Release|x64.ActiveCfg = Release|x64
		{B286DB94-74FB-40CB-B8AA-8A27EA707C22}.Release|x64.Build.0 = Release|x64
		{B286DB94-74FB-40CB-B8AA-8A27EA707C22}.Release|x86.ActiveCfg = Release|Win32
		{B286DB94-74FB-40CB-B8AA-8A27EA707C22}.Release|x86.Build.0 = Release|Win32
		{232569DA-39E3-4637-AA30-7CFB1A70C320}.Debug|x64.ActiveCfg = Debug|x64
		{232569DA-39E3-4637-AA30-7CFB1A70C320}.Debug|x64.Build.0 = Debug|x64
		{232569DA-39E3-4637-AA30-7CFB1A70C320}.Debug|x86.ActiveCfg = Debug|Win32
		{232569DA-39E3-4637-AA30-7CFB1A70C320}.Debug|x86.Build.0 = Debug|Win32
		{232569DA-39E3-4637-AA30-7CFB1A70C320}.Release|x64.ActiveCfg = Release|x64
		{232569DA-39E3-4637-AA30-7CFB1A70C320}.Release|x64.Build.0 = Release|x64
		{232569DA-39E3-4637-AA30-7CFB1A70C320}.Release|x86.ActiveCfg = Release|Win32
		{232569DA-39E3-4637-AA30-7CFB1A70C320}.Release|x86.Build.0 = Release|Win32
	EndGlobalSection
	GlobalSection(SolutionProperties) = preSolution
		HideSolutionNode = FALSE
	EndGlobalSection
	GlobalSection(ExtensibilityGlobals) = postSolution
		SolutionGuid = {1D363A47-727D-455D-9E02-740498F50CB1}
	EndGlobalSection
EndGlobal
